
Microsoft Visual Studio Solution File, Format Version 12.00
# Visual Studio Version 17
VisualStudioVersion = 17.4.33103.184
MinimumVisualStudioVersion = 10.0.40219.1
Project("{9A19103F-16F7-4668-BE54-9A1E7A4F7556}") = "survey", "survey\survey.csproj", "{88E77488-19C9-49A8-AD6D-A890009D0043}"
EndProject
Global
	GlobalSection(SolutionConfigurationPlatforms) = preSolution
		Debug|Any CPU = Debug|Any CPU
		Release|Any CPU = Release|Any CPU
	EndGlobalSection
	GlobalSection(ProjectConfigurationPlatforms) = postSolution
		{88E77488-19C9-49A8-AD6D-A890009D0043}.Debug|Any CPU.ActiveCfg = Debug|Any CPU
		{88E77488-19C9-49A8-AD6D-A890009D0043}.Debug|Any CPU.Build.0 = Debug|Any CPU
		{88E77488-19C9-49A8-AD6D-A890009D0043}.Release|Any CPU.ActiveCfg = Release|Any CPU
		{88E77488-19C9-49A8-AD6D-A890009D0043}.Release|Any CPU.Build.0 = Release|Any CPU
	EndGlobalSection
	GlobalSection(SolutionProperties) = preSolution
		HideSolutionNode = FALSE
	EndGlobalSection
	GlobalSection(ExtensibilityGlobals) = postSolution
		SolutionGuid = {24232EDC-154F-4B5B-BA7F-DED11F5F0420}
	EndGlobalSection
EndGlobal
